// !$*UTF8*$!
{
	archiveVersion = 1;
	classes = {
	};
	objectVersion = 46;
	objects = {

/* Begin PBXBuildFile section */
		21BBB8661B62598600072BBD /* main.m in Sources */ = {isa = PBXBuildFile; fileRef = 21BBB8651B62598600072BBD /* main.m */; };
		21BBB8691B62598600072BBD /* AppDelegate.m in Sources */ = {isa = PBXBuildFile; fileRef = 21BBB8681B62598600072BBD /* AppDelegate.m */; };
		21BBB86C1B62598600072BBD /* ViewController.m in Sources */ = {isa = PBXBuildFile; fileRef = 21BBB86B1B62598600072BBD /* ViewController.m */; };
		21BBB86F1B62598600072BBD /* Main.storyboard in Resources */ = {isa = PBXBuildFile; fileRef = 21BBB86D1B62598600072BBD /* Main.storyboard */; };
		21BBB8711B62598600072BBD /* Images.xcassets in Resources */ = {isa = PBXBuildFile; fileRef = 21BBB8701B62598600072BBD /* Images.xcassets */; };
		21BBB8741B62598600072BBD /* LaunchScreen.xib in Resources */ = {isa = PBXBuildFile; fileRef = 21BBB8721B62598600072BBD /* LaunchScreen.xib */; };
		21BBB8801B62598600072BBD /* YQScrollControllerTests.m in Sources */ = {isa = PBXBuildFile; fileRef = 21BBB87F1B62598600072BBD /* YQScrollControllerTests.m */; };
		21BBB88C1B625B1D00072BBD /* YQScrollController.m in Sources */ = {isa = PBXBuildFile; fileRef = 21BBB88B1B625B1D00072BBD /* YQScrollController.m */; };
/* End PBXBuildFile section */

/* Begin PBXContainerItemProxy section */
		21BBB87A1B62598600072BBD /* PBXContainerItemProxy */ = {
			isa = PBXContainerItemProxy;
			containerPortal = 21BBB8581B62598600072BBD /* Project object */;
			proxyType = 1;
			remoteGlobalIDString = 21BBB85F1B62598600072BBD;
			remoteInfo = YQScrollController;
		};
/* End PBXContainerItemProxy section */

/* Begin PBXFileReference section */
		21BBB8601B62598600072BBD /* YQScrollController.app */ = {isa = PBXFileReference; explicitFileType = wrapper.application; includeInIndex = 0; path = YQScrollController.app; sourceTree = BUILT_PRODUCTS_DIR; };
		21BBB8641B62598600072BBD /* Info.plist */ = {isa = PBXFileReference; lastKnownFileType = text.plist.xml; path = Info.plist; sourceTree = "<group>"; };
		21BBB8651B62598600072BBD /* main.m */ = {isa = PBXFileReference; lastKnownFileType = sourcecode.c.objc; path = main.m; sourceTree = "<group>"; };
		21BBB8671B62598600072BBD /* AppDelegate.h */ = {isa = PBXFileReference; lastKnownFileType = sourcecode.c.h; path = AppDelegate.h; sourceTree = "<group>"; };
		21BBB8681B62598600072BBD /* AppDelegate.m */ = {isa = PBXFileReference; lastKnownFileType = sourcecode.c.objc; path = AppDelegate.m; sourceTree = "<group>"; };
		21BBB86A1B62598600072BBD /* ViewController.h */ = {isa = PBXFileReference; lastKnownFileType = sourcecode.c.h; path = ViewController.h; sourceTree = "<group>"; };
		21BBB86B1B62598600072BBD /* ViewController.m */ = {isa = PBXFileReference; lastKnownFileType = sourcecode.c.objc; path = ViewController.m; sourceTree = "<group>"; };
		21BBB86E1B62598600072BBD /* Base */ = {isa = PBXFileReference; lastKnownFileType = file.storyboard; name = Base; path = Base.lproj/Main.storyboard; sourceTree = "<group>"; };
		21BBB8701B62598600072BBD /* Images.xcassets */ = {isa = PBXFileReference; lastKnownFileType = folder.assetcatalog; path = Images.xcassets; sourceTree = "<group>"; };
		21BBB8731B62598600072BBD /* Base */ = {isa = PBXFileReference; lastKnownFileType = file.xib; name = Base; path = Base.lproj/LaunchScreen.xib; sourceTree = "<group>"; };
		21BBB8791B62598600072BBD /* YQScrollControllerTests.xctest */ = {isa = PBXFileReference; explicitFileType = wrapper.cfbundle; includeInIndex = 0; path = YQScrollControllerTests.xctest; sourceTree = BUILT_PRODUCTS_DIR; };
		21BBB87E1B62598600072BBD /* Info.plist */ = {isa = PBXFileReference; lastKnownFileType = text.plist.xml; path = Info.plist; sourceTree = "<group>"; };
		21BBB87F1B62598600072BBD /* YQScrollControllerTests.m */ = {isa = PBXFileReference; lastKnownFileType = sourcecode.c.objc; path = YQScrollControllerTests.m; sourceTree = "<group>"; };
		21BBB88A1B625B1D00072BBD /* YQScrollController.h */ = {isa = PBXFileReference; fileEncoding = 4; lastKnownFileType = sourcecode.c.h; path = YQScrollController.h; sourceTree = "<group>"; };
		21BBB88B1B625B1D00072BBD /* YQScrollController.m */ = {isa = PBXFileReference; fileEncoding = 4; lastKnownFileType = sourcecode.c.objc; path = YQScrollController.m; sourceTree = "<group>"; };
/* End PBXFileReference section */

/* Begin PBXFrameworksBuildPhase section */
		21BBB85D1B62598600072BBD /* Frameworks */ = {
			isa = PBXFrameworksBuildPhase;
			buildActionMask = 2147483647;
			files = (
			);
			runOnlyForDeploymentPostprocessing = 0;
		};
		21BBB8761B62598600072BBD /* Frameworks */ = {
			isa = PBXFrameworksBuildPhase;
			buildActionMask = 2147483647;
			files = (
			);
			runOnlyForDeploymentPostprocessing = 0;
		};
/* End PBXFrameworksBuildPhase section */

/* Begin PBXGroup section */
		21BBB8571B62598600072BBD = {
			isa = PBXGroup;
			children = (
				21BBB8891B625AFC00072BBD /* Classes */,
				21BBB8621B62598600072BBD /* YQScrollController */,
				21BBB87C1B62598600072BBD /* YQScrollControllerTests */,
				21BBB8611B62598600072BBD /* Products */,
			);
			sourceTree = "<group>";
		};
		21BBB8611B62598600072BBD /* Products */ = {
			isa = PBXGroup;
			children = (
				21BBB8601B62598600072BBD /* YQScrollController.app */,
				21BBB8791B62598600072BBD /* YQScrollControllerTests.xctest */,
			);
			name = Products;
			sourceTree = "<group>";
		};
		21BBB8621B62598600072BBD /* YQScrollController */ = {
			isa = PBXGroup;
			children = (
				21BBB8671B62598600072BBD /* AppDelegate.h */,
				21BBB8681B62598600072BBD /* AppDelegate.m */,
				21BBB86A1B62598600072BBD /* ViewController.h */,
				21BBB86B1B62598600072BBD /* ViewController.m */,
				21BBB86D1B62598600072BBD /* Main.storyboard */,
				21BBB8701B62598600072BBD /* Images.xcassets */,
				21BBB8721B62598600072BBD /* LaunchScreen.xib */,
				21BBB8631B62598600072BBD /* Supporting Files */,
			);
			path = YQScrollController;
			sourceTree = "<group>";
		};
		21BBB8631B62598600072BBD /* Supporting Files */ = {
			isa = PBXGroup;
			children = (
				21BBB8641B62598600072BBD /* Info.plist */,
				21BBB8651B62598600072BBD /* main.m */,
			);
			name = "Supporting Files";
			sourceTree = "<group>";
		};
		21BBB87C1B62598600072BBD /* YQScrollControllerTests */ = {
			isa = PBXGroup;
			children = (
				21BBB87F1B62598600072BBD /* YQScrollControllerTests.m */,
				21BBB87D1B62598600072BBD /* Supporting Files */,
			);
			path = YQScrollControllerTests;
			sourceTree = "<group>";
		};
		21BBB87D1B62598600072BBD /* Supporting Files */ = {
			isa = PBXGroup;
			children = (
				21BBB87E1B62598600072BBD /* Info.plist */,
			);
			name = "Supporting Files";
			sourceTree = "<group>";
		};
		21BBB8891B625AFC00072BBD /* Classes */ = {
			isa = PBXGroup;
			children = (
				21BBB88A1B625B1D00072BBD /* YQScrollController.h */,
				21BBB88B1B625B1D00072BBD /* YQScrollController.m */,
			);
			path = Classes;
			sourceTree = "<group>";
		};
/* End PBXGroup section */

/* Begin PBXNativeTarget section */
		21BBB85F1B62598600072BBD /* YQScrollController */ = {
			isa = PBXNativeTarget;
			buildConfigurationList = 21BBB8831B62598600072BBD /* Build configuration list for PBXNativeTarget "YQScrollController" */;
			buildPhases = (
				21BBB85C1B62598600072BBD /* Sources */,
				21BBB85D1B62598600072BBD /* Frameworks */,
				21BBB85E1B62598600072BBD /* Resources */,
			);
			buildRules = (
			);
			dependencies = (
			);
			name = YQScrollController;
			productName = YQScrollController;
			productReference = 21BBB8601B62598600072BBD /* YQScrollController.app */;
			productType = "com.apple.product-type.application";
		};
		21BBB8781B62598600072BBD /* YQScrollControllerTests */ = {
			isa = PBXNativeTarget;
			buildConfigurationList = 21BBB8861B62598600072BBD /* Build configuration list for PBXNativeTarget "YQScrollControllerTests" */;
			buildPhases = (
				21BBB8751B62598600072BBD /* Sources */,
				21BBB8761B62598600072BBD /* Frameworks */,
				21BBB8771B62598600072BBD /* Resources */,
			);
			buildRules = (
			);
			dependencies = (
				21BBB87B1B62598600072BBD /* PBXTargetDependency */,
			);
			name = YQScrollControllerTests;
			productName = YQScrollControllerTests;
			productReference = 21BBB8791B62598600072BBD /* YQScrollControllerTests.xctest */;
			productType = "com.apple.product-type.bundle.unit-test";
		};
/* End PBXNativeTarget section */

/* Begin PBXProject section */
		21BBB8581B62598600072BBD /* Project object */ = {
			isa = PBXProject;
			attributes = {
				LastUpgradeCheck = 0640;
				ORGANIZATIONNAME = Wang;
				TargetAttributes = {
					21BBB85F1B62598600072BBD = {
						CreatedOnToolsVersion = 6.4;
					};
					21BBB8781B62598600072BBD = {
						CreatedOnToolsVersion = 6.4;
						TestTargetID = 21BBB85F1B62598600072BBD;
					};
				};
			};
			buildConfigurationList = 21BBB85B1B62598600072BBD /* Build configuration list for PBXProject "YQScrollController" */;
			compatibilityVersion = "Xcode 3.2";
			developmentRegion = English;
			hasScannedForEncodings = 0;
			knownRegions = (
				en,
				Base,
			);
			mainGroup = 21BBB8571B62598600072BBD;
			productRefGroup = 21BBB8611B62598600072BBD /* Products */;
			projectDirPath = "";
			projectRoot = "";
			targets = (
				21BBB85F1B62598600072BBD /* YQScrollController */,
				21BBB8781B62598600072BBD /* YQScrollControllerTests */,
			);
		};
/* End PBXProject section */

/* Begin PBXResourcesBuildPhase section */
		21BBB85E1B62598600072BBD /* Resources */ = {
			isa = PBXResourcesBuildPhase;
			buildActionMask = 2147483647;
			files = (
				21BBB86F1B62598600072BBD /* Main.storyboard in Resources */,
				21BBB8741B62598600072BBD /* LaunchScreen.xib in Resources */,
				21BBB8711B62598600072BBD /* Images.xcassets in Resources */,
			);
			runOnlyForDeploymentPostprocessing = 0;
		};
		21BBB8771B62598600072BBD /* Resources */ = {
			isa = PBXResourcesBuildPhase;
			buildActionMask = 2147483647;
			files = (
			);
			runOnlyForDeploymentPostprocessing = 0;
		};
/* End PBXResourcesBuildPhase section */

/* Begin PBXSourcesBuildPhase section */
		21BBB85C1B62598600072BBD /* Sources */ = {
			isa = PBXSourcesBuildPhase;
			buildActionMask = 2147483647;
			files = (
				21BBB88C1B625B1D00072BBD /* YQScrollController.m in Sources */,
				21BBB86C1B62598600072BBD /* ViewController.m in Sources */,
				21BBB8691B62598600072BBD /* AppDelegate.m in Sources */,
				21BBB8661B62598600072BBD /* main.m in Sources */,
			);
			runOnlyForDeploymentPostprocessing = 0;
		};
		21BBB8751B62598600072BBD /* Sources */ = {
			isa = PBXSourcesBuildPhase;
			buildActionMask = 2147483647;
			files = (
				21BBB8801B62598600072BBD /* YQScrollControllerTests.m in Sources */,
			);
			runOnlyForDeploymentPostprocessing = 0;
		};
/* End PBXSourcesBuildPhase section */

/* Begin PBXTargetDependency section */
		21BBB87B1B62598600072BBD /* PBXTargetDependency */ = {
			isa = PBXTargetDependency;
			target = 21BBB85F1B62598600072BBD /* YQScrollController */;
			targetProxy = 21BBB87A1B62598600072BBD /* PBXContainerItemProxy */;
		};
/* End PBXTargetDependency section */

/* Begin PBXVariantGroup section */
		21BBB86D1B62598600072BBD /* Main.storyboard */ = {
			isa = PBXVariantGroup;
			children = (
				21BBB86E1B62598600072BBD /* Base */,
			);
			name = Main.storyboard;
			sourceTree = "<group>";
		};
		21BBB8721B62598600072BBD /* LaunchScreen.xib */ = {
			isa = PBXVariantGroup;
			children = (
				21BBB8731B62598600072BBD /* Base */,
			);
			name = LaunchScreen.xib;
			sourceTree = "<group>";
		};
/* End PBXVariantGroup section */

/* Begin XCBuildConfiguration section */
		21BBB8811B62598600072BBD /* Debug */ = {
			isa = XCBuildConfiguration;
			buildSettings = {
				ALWAYS_SEARCH_USER_PATHS = NO;
				CLANG_CXX_LANGUAGE_STANDARD = "gnu++0x";
				CLANG_CXX_LIBRARY = "libc++";
				CLANG_ENABLE_MODULES = YES;
				CLANG_ENABLE_OBJC_ARC = YES;
				CLANG_WARN_BOOL_CONVERSION = YES;
				CLANG_WARN_CONSTANT_CONVERSION = YES;
				CLANG_WARN_DIRECT_OBJC_ISA_USAGE = YES_ERROR;
				CLANG_WARN_EMPTY_BODY = YES;
				CLANG_WARN_ENUM_CONVERSION = YES;
				CLANG_WARN_INT_CONVERSION = YES;
				CLANG_WARN_OBJC_ROOT_CLASS = YES_ERROR;
				CLANG_WARN_UNREACHABLE_CODE = YES;
				CLANG_WARN__DUPLICATE_METHOD_MATCH = YES;
				"CODE_SIGN_IDENTITY[sdk=iphoneos*]" = "iPhone Developer";
				COPY_PHASE_STRIP = NO;
				DEBUG_INFORMATION_FORMAT = "dwarf-with-dsym";
				ENABLE_STRICT_OBJC_MSGSEND = YES;
				GCC_C_LANGUAGE_STANDARD = gnu99;
				GCC_DYNAMIC_NO_PIC = NO;
				GCC_NO_COMMON_BLOCKS = YES;
				GCC_OPTIMIZATION_LEVEL = 0;
				GCC_PREPROCESSOR_DEFINITIONS = (
					"DEBUG=1",
					"$(inherited)",
				);
				GCC_SYMBOLS_PRIVATE_EXTERN = NO;
				GCC_WARN_64_TO_32_BIT_CONVERSION = YES;
				GCC_WARN_ABOUT_RETURN_TYPE = YES_ERROR;
				GCC_WARN_UNDECLARED_SELECTOR = YES;
				GCC_WARN_UNINITIALIZED_AUTOS = YES_AGGRESSIVE;
				GCC_WARN_UNUSED_FUNCTION = YES;
				GCC_WARN_UNUSED_VARIABLE = YES;
				IPHONEOS_DEPLOYMENT_TARGET = 8.4;
				MTL_ENABLE_DEBUG_INFO = YES;
				ONLY_ACTIVE_ARCH = YES;
				SDKROOT = iphoneos;
			};
			name = Debug;
		};
		21BBB8821B62598600072BBD /* Release */ = {
			isa = XCBuildConfiguration;
			buildSettings = {
				ALWAYS_SEARCH_USER_PATHS = NO;
				CLANG_CXX_LANGUAGE_STANDARD = "gnu++0x";
				CLANG_CXX_LIBRARY = "libc++";
				CLANG_ENABLE_MODULES = YES;
				CLANG_ENABLE_OBJC_ARC = YES;
				CLANG_WARN_BOOL_CONVERSION = YES;
				CLANG_WARN_CONSTANT_CONVERSION = YES;
				CLANG_WARN_DIRECT_OBJC_ISA_USAGE = YES_ERROR;
				CLANG_WARN_EMPTY_BODY = YES;
				CLANG_WARN_ENUM_CONVERSION = YES;
				CLANG_WARN_INT_CONVERSION = YES;
				CLANG_WARN_OBJC_ROOT_CLASS = YES_ERROR;
				CLANG_WARN_UNREACHABLE_CODE = YES;
				CLANG_WARN__DUPLICATE_METHOD_MATCH = YES;
				"CODE_SIGN_IDENTITY[sdk=iphoneos*]" = "iPhone Developer";
				COPY_PHASE_STRIP = NO;
				DEBUG_INFORMATION_FORMAT = "dwarf-with-dsym";
				ENABLE_NS_ASSERTIONS = NO;
				ENABLE_STRICT_OBJC_MSGSEND = YES;
				GCC_C_LANGUAGE_STANDARD = gnu99;
				GCC_NO_COMMON_BLOCKS = YES;
				GCC_WARN_64_TO_32_BIT_CONVERSION = YES;
				GCC_WARN_ABOUT_RETURN_TYPE = YES_ERROR;
				GCC_WARN_UNDECLARED_SELECTOR = YES;
				GCC_WARN_UNINITIALIZED_AUTOS = YES_AGGRESSIVE;
				GCC_WARN_UNUSED_FUNCTION = YES;
				GCC_WARN_UNUSED_VARIABLE = YES;
				IPHONEOS_DEPLOYMENT_TARGET = 8.4;
				MTL_ENABLE_DEBUG_INFO = NO;
				SDKROOT = iphoneos;
				VALIDATE_PRODUCT = YES;
			};
			name = Release;
		};
		21BBB8841B62598600072BBD /* Debug */ = {
			isa = XCBuildConfiguration;
			buildSettings = {
				ASSETCATALOG_COMPILER_APPICON_NAME = AppIcon;
				INFOPLIST_FILE = YQScrollController/Info.plist;
				LD_RUNPATH_SEARCH_PATHS = "$(inherited) @executable_path/Frameworks";
				PRODUCT_NAME = "$(TARGET_NAME)";
			};
			name = Debug;
		};
		21BBB8851B62598600072BBD /* Release */ = {
			isa = XCBuildConfiguration;
			buildSettings = {
				ASSETCATALOG_COMPILER_APPICON_NAME = AppIcon;
				INFOPLIST_FILE = YQScrollController/Info.plist;
				LD_RUNPATH_SEARCH_PATHS = "$(inherited) @executable_path/Frameworks";
				PRODUCT_NAME = "$(TARGET_NAME)";
			};
			name = Release;
		};
		21BBB8871B62598600072BBD /* Debug */ = {
			isa = XCBuildConfiguration;
			buildSettings = {
				BUNDLE_LOADER = "$(TEST_HOST)";
				FRAMEWORK_SEARCH_PATHS = (
					"$(SDKROOT)/Developer/Library/Frameworks",
					"$(inherited)",
				);
				GCC_PREPROCESSOR_DEFINITIONS = (
					"DEBUG=1",
					"$(inherited)",
				);
				INFOPLIST_FILE = YQScrollControllerTests/Info.plist;
				LD_RUNPATH_SEARCH_PATHS = "$(inherited) @executable_path/Frameworks @loader_path/Frameworks";
				PRODUCT_NAME = "$(TARGET_NAME)";
				TEST_HOST = "$(BUILT_PRODUCTS_DIR)/YQScrollController.app/YQScrollController";
			};
			name = Debug;
		};
		21BBB8881B62598600072BBD /* Release */ = {
			isa = XCBuildConfiguration;
			buildSettings = {
				BUNDLE_LOADER = "$(TEST_HOST)";
				FRAMEWORK_SEARCH_PATHS = (
					"$(SDKROOT)/Developer/Library/Frameworks",
					"$(inherited)",
				);
				INFOPLIST_FILE = YQScrollControllerTests/Info.plist;
				LD_RUNPATH_SEARCH_PATHS = "$(inherited) @executable_path/Frameworks @loader_path/Frameworks";
				PRODUCT_NAME = "$(TARGET_NAME)";
				TEST_HOST = "$(BUILT_PRODUCTS_DIR)/YQScrollController.app/YQScrollController";
			};
			name = Release;
		};
/* End XCBuildConfiguration section */

/* Begin XCConfigurationList section */
		21BBB85B1B62598600072BBD /* Build configuration list for PBXProject "YQScrollController" */ = {
			isa = XCConfigurationList;
			buildConfigurations = (
				21BBB8811B62598600072BBD /* Debug */,
				21BBB8821B62598600072BBD /* Release */,
			);
			defaultConfigurationIsVisible = 0;
			defaultConfigurationName = Release;
		};
		21BBB8831B62598600072BBD /* Build configuration list for PBXNativeTarget "YQScrollController" */ = {
			isa = XCConfigurationList;
			buildConfigurations = (
				21BBB8841B62598600072BBD /* Debug */,
				21BBB8851B62598600072BBD /* Release */,
			);
			defaultConfigurationIsVisible = 0;
		};
		21BBB8861B62598600072BBD /* Build configuration list for PBXNativeTarget "YQScrollControllerTests" */ = {
			isa = XCConfigurationList;
			buildConfigurations = (
				21BBB8871B62598600072BBD /* Debug */,
				21BBB8881B62598600072BBD /* Release */,
			);
			defaultConfigurationIsVisible = 0;
		};
/* End XCConfigurationList section */
	};
	rootObject = 21BBB8581B62598600072BBD /* Project object */;
}
